PODS:
  - SDWebImage (3.7.6):
    - SDWebImage/Core (= 3.7.6)
  - SDWebImage/Core (3.7.6)
  - SVProgressHUD (2.0.3)

DEPENDENCIES:
  - SDWebImage (~> 3.7.6)
  - SVProgressHUD (~> 2.0.3)

SPEC CHECKSUMS:
  SDWebImage: c325cf02c30337336b95beff20a13df489ec0ec9
  SVProgressHUD: b0830714205bea1317ea1a2ebc71e5633af334d4

PODFILE CHECKSUM: e3e0fb33661fcd5df38b9f15f0e6b9dfeb70ca34

COCOAPODS: 1.0.1
